
Microsoft Visual Studio Solution File, Format Version 12.00
# Visual Studio Version 17
VisualStudioVersion = 17.4.33205.214
MinimumVisualStudioVersion = 10.0.40219.1
Project("{FAE04EC0-301F-11D3-BF4B-00C04F79EFBC}") = "PeliculaAPI", "PeliculaAPI\PeliculaAPI.csproj", "{61AEF2A6-AEEF-4849-9BF9-BDC61F828A69}"
EndProject
Global
	GlobalSection(SolutionConfigurationPlatforms) = preSolution
		Debug|Any CPU = Debug|Any CPU
		Release|Any CPU = Release|Any CPU
	EndGlobalSection
	GlobalSection(ProjectConfigurationPlatforms) = postSolution
		{61AEF2A6-AEEF-4849-9BF9-BDC61F828A69}.Debug|Any CPU.ActiveCfg = Debug|Any CPU
		{61AEF2A6-AEEF-4849-9BF9-BDC61F828A69}.Debug|Any CPU.Build.0 = Debug|Any CPU
		{61AEF2A6-AEEF-4849-9BF9-BDC61F828A69}.Release|Any CPU.ActiveCfg = Release|Any CPU
		{61AEF2A6-AEEF-4849-9BF9-BDC61F828A69}.Release|Any CPU.Build.0 = Release|Any CPU
	EndGlobalSection
	GlobalSection(SolutionProperties) = preSolution
		HideSolutionNode = FALSE
	EndGlobalSection
	GlobalSection(ExtensibilityGlobals) = postSolution
		SolutionGuid = {37001852-6F77-4435-A568-C24F538C0604}
	EndGlobalSection
EndGlobal
